
Microsoft Visual Studio Solution File, Format Version 12.00
# Visual Studio Version 17
VisualStudioVersion = 17.13.35806.99
MinimumVisualStudioVersion = 10.0.40219.1
Project("{FAE04EC0-301F-11D3-BF4B-00C04F79EFBC}") = "01. Chat", "01. Chat\01. Chat.csproj", "{A8C782CB-BD4D-4B94-853F-4B2D3FB039CC}"
EndProject
Project("{FAE04EC0-301F-11D3-BF4B-00C04F79EFBC}") = "02. Coffee", "02. Coffee\02. Coffee.csproj", "{6DB81957-B4FA-4E92-9AEA-D20713CC704C}"
EndProject
Global
	GlobalSection(SolutionConfigurationPlatforms) = preSolution
		Debug|Any CPU = Debug|Any CPU
		Release|Any CPU = Release|Any CPU
	EndGlobalSection
	GlobalSection(ProjectConfigurationPlatforms) = postSolution
		{A8C782CB-BD4D-4B94-853F-4B2D3FB039CC}.Debug|Any CPU.ActiveCfg = Debug|Any CPU
		{A8C782CB-BD4D-4B94-853F-4B2D3FB039CC}.Debug|Any CPU.Build.0 = Debug|Any CPU
		{A8C782CB-BD4D-4B94-853F-4B2D3FB039CC}.Release|Any CPU.ActiveCfg = Release|Any CPU
		{A8C782CB-BD4D-4B94-853F-4B2D3FB039CC}.Release|Any CPU.Build.0 = Release|Any CPU
		{6DB81957-B4FA-4E92-9AEA-D20713CC704C}.Debug|Any CPU.ActiveCfg = Debug|Any CPU
		{6DB81957-B4FA-4E92-9AEA-D20713CC704C}.Debug|Any CPU.Build.0 = Debug|Any CPU
		{6DB81957-B4FA-4E92-9AEA-D20713CC704C}.Release|Any CPU.ActiveCfg = Release|Any CPU
		{6DB81957-B4FA-4E92-9AEA-D20713CC704C}.Release|Any CPU.Build.0 = Release|Any CPU
	EndGlobalSection
	GlobalSection(SolutionProperties) = preSolution
		HideSolutionNode = FALSE
	EndGlobalSection
	GlobalSection(ExtensibilityGlobals) = postSolution
		SolutionGuid = {E9F61C93-D764-4758-8C60-B67EA4F1D2A9}
	EndGlobalSection
EndGlobal
